
Microsoft Visual Studio Solution File, Format Version 12.00
# Visual Studio Version 17
VisualStudioVersion = 17.5.33516.290
MinimumVisualStudioVersion = 10.0.40219.1
Project("{FAE04EC0-301F-11D3-BF4B-00C04F79EFBC}") = "CarUnitTest", "CarUnitTest\CarUnitTest.csproj", "{951FAA5A-348F-41CC-BA8D-8833E805503C}"
EndProject
Global
	GlobalSection(SolutionConfigurationPlatforms) = preSolution
		Debug|Any CPU = Debug|Any CPU
		Release|Any CPU = Release|Any CPU
	EndGlobalSection
	GlobalSection(ProjectConfigurationPlatforms) = postSolution
		{951FAA5A-348F-41CC-BA8D-8833E805503C}.Debug|Any CPU.ActiveCfg = Debug|Any CPU
		{951FAA5A-348F-41CC-BA8D-8833E805503C}.Debug|Any CPU.Build.0 = Debug|Any CPU
		{951FAA5A-348F-41CC-BA8D-8833E805503C}.Release|Any CPU.ActiveCfg = Release|Any CPU
		{951FAA5A-348F-41CC-BA8D-8833E805503C}.Release|Any CPU.Build.0 = Release|Any CPU
	EndGlobalSection
	GlobalSection(SolutionProperties) = preSolution
		HideSolutionNode = FALSE
	EndGlobalSection
	GlobalSection(ExtensibilityGlobals) = postSolution
		SolutionGuid = {8604D5FF-85A1-4287-AB4D-EF4661E95F03}
	EndGlobalSection
EndGlobal
